Microsoft Visual Studio Solution File, Format Version 12.00
# Visual Studio Version 17
VisualStudioVersion = 17.13.0.0
MinimumVisualStudioVersion = 10.0.40219.1

# Aspire
Project("{FAE04EC0-301F-11D3-BF4B-00C04F79EFBC}") = "PoBabyTouchGc.AppHost", "src\PoBabyTouchGc.AppHost\PoBabyTouchGc.AppHost.csproj", "{A1B2C3D4-1234-5678-9ABC-DEF012345678}"
EndProject
Project("{FAE04EC0-301F-11D3-BF4B-00C04F79EFBC}") = "PoBabyTouchGc.ServiceDefaults", "src\PoBabyTouchGc.ServiceDefaults\PoBabyTouchGc.ServiceDefaults.csproj", "{B2C3D4E5-2345-6789-ABCD-EF0123456789}"
EndProject

# Web Application
Project("{FAE04EC0-301F-11D3-BF4B-00C04F79EFBC}") = "PoBabyTouchGc.Web", "src\PoBabyTouchGc.Web\PoBabyTouchGc.Web.csproj", "{C3D4E5F6-3456-789A-BCDE-F01234567890}"
EndProject
Project("{FAE04EC0-301F-11D3-BF4B-00C04F79EFBC}") = "PoBabyTouchGc.Client", "src\PoBabyTouchGc.Client\PoBabyTouchGc.Client.csproj", "{1A8F5343-710A-4A3D-B226-71CDB6F7E02B}"
EndProject

# Shared
Project("{FAE04EC0-301F-11D3-BF4B-00C04F79EFBC}") = "PoBabyTouchGc.Shared", "src\PoBabyTouchGc.Shared\PoBabyTouchGc.Shared.csproj", "{9F814FA6-EB39-40C2-A558-26A2584CC7F3}"
EndProject

# Tests
Project("{FAE04EC0-301F-11D3-BF4B-00C04F79EFBC}") = "PoBabyTouchGc.Tests.Unit", "tests\PoBabyTouchGc.Tests.Unit\PoBabyTouchGc.Tests.Unit.csproj", "{D4E5F6A7-4567-89AB-CDEF-012345678901}"
EndProject
Project("{FAE04EC0-301F-11D3-BF4B-00C04F79EFBC}") = "PoBabyTouchGc.Tests.Integration", "tests\PoBabyTouchGc.Tests.Integration\PoBabyTouchGc.Tests.Integration.csproj", "{E5F6A7B8-5678-9ABC-DEF0-123456789012}"
EndProject

# Solution Folders
Project("{2150E333-8FDC-42A3-9474-1A3956D46DE8}") = "src", "src", "{F1234567-1234-1234-1234-123456789ABC}"
EndProject
Project("{2150E333-8FDC-42A3-9474-1A3956D46DE8}") = "tests", "tests", "{F2345678-2345-2345-2345-23456789ABCD}"
EndProject

Global
	GlobalSection(SolutionConfigurationPlatforms) = preSolution
		Debug|Any CPU = Debug|Any CPU
		Release|Any CPU = Release|Any CPU
	EndGlobalSection
	GlobalSection(ProjectConfigurationPlatforms) = postSolution
		{A1B2C3D4-1234-5678-9ABC-DEF012345678}.Debug|Any CPU.ActiveCfg = Debug|Any CPU
		{A1B2C3D4-1234-5678-9ABC-DEF012345678}.Debug|Any CPU.Build.0 = Debug|Any CPU
		{A1B2C3D4-1234-5678-9ABC-DEF012345678}.Release|Any CPU.ActiveCfg = Release|Any CPU
		{A1B2C3D4-1234-5678-9ABC-DEF012345678}.Release|Any CPU.Build.0 = Release|Any CPU
		{B2C3D4E5-2345-6789-ABCD-EF0123456789}.Debug|Any CPU.ActiveCfg = Debug|Any CPU
		{B2C3D4E5-2345-6789-ABCD-EF0123456789}.Debug|Any CPU.Build.0 = Debug|Any CPU
		{B2C3D4E5-2345-6789-ABCD-EF0123456789}.Release|Any CPU.ActiveCfg = Release|Any CPU
		{B2C3D4E5-2345-6789-ABCD-EF0123456789}.Release|Any CPU.Build.0 = Release|Any CPU
		{C3D4E5F6-3456-789A-BCDE-F01234567890}.Debug|Any CPU.ActiveCfg = Debug|Any CPU
		{C3D4E5F6-3456-789A-BCDE-F01234567890}.Debug|Any CPU.Build.0 = Debug|Any CPU
		{C3D4E5F6-3456-789A-BCDE-F01234567890}.Release|Any CPU.ActiveCfg = Release|Any CPU
		{C3D4E5F6-3456-789A-BCDE-F01234567890}.Release|Any CPU.Build.0 = Release|Any CPU
		{1A8F5343-710A-4A3D-B226-71CDB6F7E02B}.Debug|Any CPU.ActiveCfg = Debug|Any CPU
		{1A8F5343-710A-4A3D-B226-71CDB6F7E02B}.Debug|Any CPU.Build.0 = Debug|Any CPU
		{1A8F5343-710A-4A3D-B226-71CDB6F7E02B}.Release|Any CPU.ActiveCfg = Release|Any CPU
		{1A8F5343-710A-4A3D-B226-71CDB6F7E02B}.Release|Any CPU.Build.0 = Release|Any CPU
		{9F814FA6-EB39-40C2-A558-26A2584CC7F3}.Debug|Any CPU.ActiveCfg = Debug|Any CPU
		{9F814FA6-EB39-40C2-A558-26A2584CC7F3}.Debug|Any CPU.Build.0 = Debug|Any CPU
		{9F814FA6-EB39-40C2-A558-26A2584CC7F3}.Release|Any CPU.ActiveCfg = Release|Any CPU
		{9F814FA6-EB39-40C2-A558-26A2584CC7F3}.Release|Any CPU.Build.0 = Release|Any CPU
		{D4E5F6A7-4567-89AB-CDEF-012345678901}.Debug|Any CPU.ActiveCfg = Debug|Any CPU
		{D4E5F6A7-4567-89AB-CDEF-012345678901}.Debug|Any CPU.Build.0 = Debug|Any CPU
		{D4E5F6A7-4567-89AB-CDEF-012345678901}.Release|Any CPU.ActiveCfg = Release|Any CPU
		{D4E5F6A7-4567-89AB-CDEF-012345678901}.Release|Any CPU.Build.0 = Release|Any CPU
		{E5F6A7B8-5678-9ABC-DEF0-123456789012}.Debug|Any CPU.ActiveCfg = Debug|Any CPU
		{E5F6A7B8-5678-9ABC-DEF0-123456789012}.Debug|Any CPU.Build.0 = Debug|Any CPU
		{E5F6A7B8-5678-9ABC-DEF0-123456789012}.Release|Any CPU.ActiveCfg = Release|Any CPU
		{E5F6A7B8-5678-9ABC-DEF0-123456789012}.Release|Any CPU.Build.0 = Release|Any CPU
	EndGlobalSection
	GlobalSection(SolutionProperties) = preSolution
		HideSolutionNode = FALSE
	EndGlobalSection
	GlobalSection(NestedProjects) = preSolution
		{A1B2C3D4-1234-5678-9ABC-DEF012345678} = {F1234567-1234-1234-1234-123456789ABC}
		{B2C3D4E5-2345-6789-ABCD-EF0123456789} = {F1234567-1234-1234-1234-123456789ABC}
		{C3D4E5F6-3456-789A-BCDE-F01234567890} = {F1234567-1234-1234-1234-123456789ABC}
		{1A8F5343-710A-4A3D-B226-71CDB6F7E02B} = {F1234567-1234-1234-1234-123456789ABC}
		{9F814FA6-EB39-40C2-A558-26A2584CC7F3} = {F1234567-1234-1234-1234-123456789ABC}
		{D4E5F6A7-4567-89AB-CDEF-012345678901} = {F2345678-2345-2345-2345-23456789ABCD}
		{E5F6A7B8-5678-9ABC-DEF0-123456789012} = {F2345678-2345-2345-2345-23456789ABCD}
	EndGlobalSection
	GlobalSection(ExtensibilityGlobals) = postSolution
		SolutionGuid = {C3E4B4D4-4A4B-4C4B-8C4A-4A4B4C4B4C4B}
	EndGlobalSection
EndGlobal
