Microsoft Visual Studio Solution File, Format Version 12.00
# Visual Studio Version 17
VisualStudioVersion = 17.0.31903.59
MinimumVisualStudioVersion = 10.0.40219.1
Project("{FAE04EC0-301F-11D3-BF4B-00C04F79EFBC}") = "PoBabyTouchGc.Client", "src\PoBabyTouchGc.Client\PoBabyTouchGc.Client.csproj", "{1A8F5343-710A-4A3D-B226-71CDB6F7E02B}"
EndProject
Project("{FAE04EC0-301F-11D3-BF4B-00C04F79EFBC}") = "PoBabyTouchGc.Api", "src\PoBabyTouchGc.Api\PoBabyTouchGc.Api.csproj", "{B7F1D3C5-8A70-4B98-91B6-63E94AE00E1D}"
EndProject
Project("{FAE04EC0-301F-11D3-BF4B-00C04F79EFBC}") = "PoBabyTouchGc.Shared", "src\PoBabyTouchGc.Shared\PoBabyTouchGc.Shared.csproj", "{9F814FA6-EB39-40C2-A558-26A2584CC7F3}"
EndProject
Project("{FAE04EC0-301F-11D3-BF4B-00C04F79EFBC}") = "PoBabyTouchGc.Tests", "tests\PoBabyTouchGc.Tests\PoBabyTouchGc.Tests.csproj", "{80C5DC96-DAF2-4570-9915-01B8A60D87E9}"
EndProject
Global
	GlobalSection(SolutionConfigurationPlatforms) = preSolution
		Debug|Any CPU = Debug|Any CPU
		Release|Any CPU = Release|Any CPU
	EndGlobalSection
	GlobalSection(ProjectConfigurationPlatforms) = postSolution
		{1A8F5343-710A-4A3D-B226-71CDB6F7E02B}.Debug|Any CPU.ActiveCfg = Debug|Any CPU
		{1A8F5343-710A-4A3D-B226-71CDB6F7E02B}.Debug|Any CPU.Build.0 = Debug|Any CPU
		{1A8F5343-710A-4A3D-B226-71CDB6F7E02B}.Release|Any CPU.ActiveCfg = Release|Any CPU
		{1A8F5343-710A-4A3D-B226-71CDB6F7E02B}.Release|Any CPU.Build.0 = Release|Any CPU
		{B7F1D3C5-8A70-4B98-91B6-63E94AE00E1D}.Debug|Any CPU.ActiveCfg = Debug|Any CPU
		{B7F1D3C5-8A70-4B98-91B6-63E94AE00E1D}.Debug|Any CPU.Build.0 = Debug|Any CPU
		{B7F1D3C5-8A70-4B98-91B6-63E94AE00E1D}.Release|Any CPU.ActiveCfg = Release|Any CPU
		{B7F1D3C5-8A70-4B98-91B6-63E94AE00E1D}.Release|Any CPU.Build.0 = Release|Any CPU
		{9F814FA6-EB39-40C2-A558-26A2584CC7F3}.Debug|Any CPU.ActiveCfg = Debug|Any CPU
		{9F814FA6-EB39-40C2-A558-26A2584CC7F3}.Debug|Any CPU.Build.0 = Debug|Any CPU
		{9F814FA6-EB39-40C2-A558-26A2584CC7F3}.Release|Any CPU.ActiveCfg = Release|Any CPU
		{9F814FA6-EB39-40C2-A558-26A2584CC7F3}.Release|Any CPU.Build.0 = Release|Any CPU
		{80C5DC96-DAF2-4570-9915-01B8A60D87E9}.Debug|Any CPU.ActiveCfg = Debug|Any CPU
		{80C5DC96-DAF2-4570-9915-01B8A60D87E9}.Debug|Any CPU.Build.0 = Debug|Any CPU
		{80C5DC96-DAF2-4570-9915-01B8A60D87E9}.Release|Any CPU.ActiveCfg = Release|Any CPU
		{80C5DC96-DAF2-4570-9915-01B8A60D87E9}.Release|Any CPU.Build.0 = Release|Any CPU
	EndGlobalSection
	GlobalSection(SolutionProperties) = preSolution
		HideSolutionNode = FALSE
	EndGlobalSection
	GlobalSection(ExtensibilityGlobals) = postSolution
		SolutionGuid = {C3E4B4D4-4A4B-4C4B-8C4A-4A4B4C4B4C4B}
	EndGlobalSection
	GlobalSection(NestedProjects) = preSolution
	EndGlobalSection
	ProjectConfigurationPlatforms = postSolution
		{B7F1D3C5-8A70-4B98-91B6-63E94AE00E1D}.Debug|Any CPU.ActiveCfg = Debug|Any CPU
		{B7F1D3C5-8A70-4B98-91B6-63E94AE00E1D}.Debug|Any CPU.Build.0 = Debug|Any CPU
		{B7F1D3C5-8A70-4B98-91B6-63E94AE00E1D}.Release|Any CPU.ActiveCfg = Release|Any CPU
		{B7F1D3C5-8A70-4B98-91B6-63E94AE00E1D}.Release|Any CPU.Build.0 = Release|Any CPU
	EndGlobalSection
